{
  "originHash" : "2368bb0b2cdb3af44a741d21c22dbfca3c2184cd2cf8963befda836c932626ef",
  "pins" : [
    {
      "identity" : "opencombine",
      "kind" : "remoteSourceControl",
      "location" : "https://github.com/OpenCombine/OpenCombine.git",
      "state" : {
        "revision" : "8576f0d579b27020beccbccc3ea6844f3ddfc2c2",
        "version" : "0.14.0"
      }
    }
  ],
  "version" : 3
}
